// !$*UTF8*$!
{
	archiveVersion = 1;
	classes = {
	};
	objectVersion = 46;
	objects = {

/* Begin PBXBuildFile section */
		9645960B1BF026DF0072BFC1 /* AppDelegate.swift in Sources */ = {isa = PBXBuildFile; fileRef = 9645960A1BF026DF0072BFC1 /* AppDelegate.swift */; };
		9645960D1BF026DF0072BFC1 /* ViewController.swift in Sources */ = {isa = PBXBuildFile; fileRef = 9645960C1BF026DF0072BFC1 /* ViewController.swift */; };
		964596101BF026DF0072BFC1 /* Main.storyboard in Resources */ = {isa = PBXBuildFile; fileRef = 9645960E1BF026DF0072BFC1 /* Main.storyboard */; };
		964596121BF026DF0072BFC1 /* Assets.xcassets in Resources */ = {isa = PBXBuildFile; fileRef = 964596111BF026DF0072BFC1 /* Assets.xcassets */; };
		964596151BF026DF0072BFC1 /* LaunchScreen.storyboard in Resources */ = {isa = PBXBuildFile; fileRef = 964596131BF026DF0072BFC1 /* LaunchScreen.storyboard */; };
		964596201BF026E00072BFC1 /* TipCalculatorTests.swift in Sources */ = {isa = PBXBuildFile; fileRef = 9645961F1BF026E00072BFC1 /* TipCalculatorTests.swift */; };
		9645962B1BF026E00072BFC1 /* TipCalculatorUITests.swift in Sources */ = {isa = PBXBuildFile; fileRef = 9645962A1BF026E00072BFC1 /* TipCalculatorUITests.swift */; };
/* End PBXBuildFile section */

/* Begin PBXContainerItemProxy section */
		9645961C1BF026E00072BFC1 /* PBXContainerItemProxy */ = {
			isa = PBXContainerItemProxy;
			containerPortal = 964595FF1BF026DF0072BFC1 /* Project object */;
			proxyType = 1;
			remoteGlobalIDString = 964596061BF026DF0072BFC1;
			remoteInfo = TipCalculator;
		};
		964596271BF026E00072BFC1 /* PBXContainerItemProxy */ = {
			isa = PBXContainerItemProxy;
			containerPortal = 964595FF1BF026DF0072BFC1 /* Project object */;
			proxyType = 1;
			remoteGlobalIDString = 964596061BF026DF0072BFC1;
			remoteInfo = TipCalculator;
		};
/* End PBXContainerItemProxy section */

/* Begin PBXFileReference section */
		964596071BF026DF0072BFC1 /* TipCalculator.app */ = {isa = PBXFileReference; explicitFileType = wrapper.application; includeInIndex = 0; path = TipCalculator.app; sourceTree = BUILT_PRODUCTS_DIR; };
		9645960A1BF026DF0072BFC1 /* AppDelegate.swift */ = {isa = PBXFileReference; lastKnownFileType = sourcecode.swift; path = AppDelegate.swift; sourceTree = "<group>"; };
		9645960C1BF026DF0072BFC1 /* ViewController.swift */ = {isa = PBXFileReference; lastKnownFileType = sourcecode.swift; path = ViewController.swift; sourceTree = "<group>"; };
		9645960F1BF026DF0072BFC1 /* Base */ = {isa = PBXFileReference; lastKnownFileType = file.storyboard; name = Base; path = Base.lproj/Main.storyboard; sourceTree = "<group>"; };
		964596111BF026DF0072BFC1 /* Assets.xcassets */ = {isa = PBXFileReference; lastKnownFileType = folder.assetcatalog; path = Assets.xcassets; sourceTree = "<group>"; };
		964596141BF026DF0072BFC1 /* Base */ = {isa = PBXFileReference; lastKnownFileType = file.storyboard; name = Base; path = Base.lproj/LaunchScreen.storyboard; sourceTree = "<group>"; };
		964596161BF026DF0072BFC1 /* Info.plist */ = {isa = PBXFileReference; lastKnownFileType = text.plist.xml; path = Info.plist; sourceTree = "<group>"; };
		9645961B1BF026E00072BFC1 /* TipCalculatorTests.xctest */ = {isa = PBXFileReference; explicitFileType = wrapper.cfbundle; includeInIndex = 0; path = TipCalculatorTests.xctest; sourceTree = BUILT_PRODUCTS_DIR; };
		9645961F1BF026E00072BFC1 /* TipCalculatorTests.swift */ = {isa = PBXFileReference; lastKnownFileType = sourcecode.swift; path = TipCalculatorTests.swift; sourceTree = "<group>"; };
		964596211BF026E00072BFC1 /* Info.plist */ = {isa = PBXFileReference; lastKnownFileType = text.plist.xml; path = Info.plist; sourceTree = "<group>"; };
		964596261BF026E00072BFC1 /* TipCalculatorUITests.xctest */ = {isa = PBXFileReference; explicitFileType = wrapper.cfbundle; includeInIndex = 0; path = TipCalculatorUITests.xctest; sourceTree = BUILT_PRODUCTS_DIR; };
		9645962A1BF026E00072BFC1 /* TipCalculatorUITests.swift */ = {isa = PBXFileReference; lastKnownFileType = sourcecode.swift; path = TipCalculatorUITests.swift; sourceTree = "<group>"; };
		9645962C1BF026E00072BFC1 /* Info.plist */ = {isa = PBXFileReference; lastKnownFileType = text.plist.xml; path = Info.plist; sourceTree = "<group>"; };
/* End PBXFileReference section */

/* Begin PBXFrameworksBuildPhase section */
		964596041BF026DF0072BFC1 /* Frameworks */ = {
			isa = PBXFrameworksBuildPhase;
			buildActionMask = 2147483647;
			files = (
			);
			runOnlyForDeploymentPostprocessing = 0;
		};
		964596181BF026E00072BFC1 /* Frameworks */ = {
			isa = PBXFrameworksBuildPhase;
			buildActionMask = 2147483647;
			files = (
			);
			runOnlyForDeploymentPostprocessing = 0;
		};
		964596231BF026E00072BFC1 /* Frameworks */ = {
			isa = PBXFrameworksBuildPhase;
			buildActionMask = 2147483647;
			files = (
			);
			runOnlyForDeploymentPostprocessing = 0;
		};
/* End PBXFrameworksBuildPhase section */

/* Begin PBXGroup section */
		964595FE1BF026DF0072BFC1 = {
			isa = PBXGroup;
			children = (
				964596091BF026DF0072BFC1 /* TipCalculator */,
				9645961E1BF026E00072BFC1 /* TipCalculatorTests */,
				964596291BF026E00072BFC1 /* TipCalculatorUITests */,
				964596081BF026DF0072BFC1 /* Products */,
			);
			sourceTree = "<group>";
		};
		964596081BF026DF0072BFC1 /* Products */ = {
			isa = PBXGroup;
			children = (
				964596071BF026DF0072BFC1 /* TipCalculator.app */,
				9645961B1BF026E00072BFC1 /* TipCalculatorTests.xctest */,
				964596261BF026E00072BFC1 /* TipCalculatorUITests.xctest */,
			);
			name = Products;
			sourceTree = "<group>";
		};
		964596091BF026DF0072BFC1 /* TipCalculator */ = {
			isa = PBXGroup;
			children = (
				9645960A1BF026DF0072BFC1 /* AppDelegate.swift */,
				9645960C1BF026DF0072BFC1 /* ViewController.swift */,
				9645960E1BF026DF0072BFC1 /* Main.storyboard */,
				964596111BF026DF0072BFC1 /* Assets.xcassets */,
				964596131BF026DF0072BFC1 /* LaunchScreen.storyboard */,
				964596161BF026DF0072BFC1 /* Info.plist */,
			);
			path = TipCalculator;
			sourceTree = "<group>";
		};
		9645961E1BF026E00072BFC1 /* TipCalculatorTests */ = {
			isa = PBXGroup;
			children = (
				9645961F1BF026E00072BFC1 /* TipCalculatorTests.swift */,
				964596211BF026E00072BFC1 /* Info.plist */,
			);
			path = TipCalculatorTests;
			sourceTree = "<group>";
		};
		964596291BF026E00072BFC1 /* TipCalculatorUITests */ = {
			isa = PBXGroup;
			children = (
				9645962A1BF026E00072BFC1 /* TipCalculatorUITests.swift */,
				9645962C1BF026E00072BFC1 /* Info.plist */,
			);
			path = TipCalculatorUITests;
			sourceTree = "<group>";
		};
/* End PBXGroup section */

/* Begin PBXNativeTarget section */
		964596061BF026DF0072BFC1 /* TipCalculator */ = {
			isa = PBXNativeTarget;
			buildConfigurationList = 9645962F1BF026E00072BFC1 /* Build configuration list for PBXNativeTarget "TipCalculator" */;
			buildPhases = (
				964596031BF026DF0072BFC1 /* Sources */,
				964596041BF026DF0072BFC1 /* Frameworks */,
				964596051BF026DF0072BFC1 /* Resources */,
			);
			buildRules = (
			);
			dependencies = (
			);
			name = TipCalculator;
			productName = TipCalculator;
			productReference = 964596071BF026DF0072BFC1 /* TipCalculator.app */;
			productType = "com.apple.product-type.application";
		};
		9645961A1BF026E00072BFC1 /* TipCalculatorTests */ = {
			isa = PBXNativeTarget;
			buildConfigurationList = 964596321BF026E00072BFC1 /* Build configuration list for PBXNativeTarget "TipCalculatorTests" */;
			buildPhases = (
				964596171BF026E00072BFC1 /* Sources */,
				964596181BF026E00072BFC1 /* Frameworks */,
				964596191BF026E00072BFC1 /* Resources */,
			);
			buildRules = (
			);
			dependencies = (
				9645961D1BF026E00072BFC1 /* PBXTargetDependency */,
			);
			name = TipCalculatorTests;
			productName = TipCalculatorTests;
			productReference = 9645961B1BF026E00072BFC1 /* TipCalculatorTests.xctest */;
			productType = "com.apple.product-type.bundle.unit-test";
		};
		964596251BF026E00072BFC1 /* TipCalculatorUITests */ = {
			isa = PBXNativeTarget;
			buildConfigurationList = 964596351BF026E00072BFC1 /* Build configuration list for PBXNativeTarget "TipCalculatorUITests" */;
			buildPhases = (
				964596221BF026E00072BFC1 /* Sources */,
				964596231BF026E00072BFC1 /* Frameworks */,
				964596241BF026E00072BFC1 /* Resources */,
			);
			buildRules = (
			);
			dependencies = (
				964596281BF026E00072BFC1 /* PBXTargetDependency */,
			);
			name = TipCalculatorUITests;
			productName = TipCalculatorUITests;
			productReference = 964596261BF026E00072BFC1 /* TipCalculatorUITests.xctest */;
			productType = "com.apple.product-type.bundle.ui-testing";
		};
/* End PBXNativeTarget section */

/* Begin PBXProject section */
		964595FF1BF026DF0072BFC1 /* Project object */ = {
			isa = PBXProject;
			attributes = {
				LastSwiftUpdateCheck = 0710;
				LastUpgradeCheck = 0710;
				ORGANIZATIONNAME = NitroxDev;
				TargetAttributes = {
					964596061BF026DF0072BFC1 = {
						CreatedOnToolsVersion = 7.1;
					};
					9645961A1BF026E00072BFC1 = {
						CreatedOnToolsVersion = 7.1;
						TestTargetID = 964596061BF026DF0072BFC1;
					};
					964596251BF026E00072BFC1 = {
						CreatedOnToolsVersion = 7.1;
						TestTargetID = 964596061BF026DF0072BFC1;
					};
				};
			};
			buildConfigurationList = 964596021BF026DF0072BFC1 /* Build configuration list for PBXProject "TipCalculator" */;
			compatibilityVersion = "Xcode 3.2";
			developmentRegion = English;
			hasScannedForEncodings = 0;
			knownRegions = (
				en,
				Base,
			);
			mainGroup = 964595FE1BF026DF0072BFC1;
			productRefGroup = 964596081BF026DF0072BFC1 /* Products */;
			projectDirPath = "";
			projectRoot = "";
			targets = (
				964596061BF026DF0072BFC1 /* TipCalculator */,
				9645961A1BF026E00072BFC1 /* TipCalculatorTests */,
				964596251BF026E00072BFC1 /* TipCalculatorUITests */,
			);
		};
/* End PBXProject section */

/* Begin PBXResourcesBuildPhase section */
		964596051BF026DF0072BFC1 /* Resources */ = {
			isa = PBXResourcesBuildPhase;
			buildActionMask = 2147483647;
			files = (
				964596151BF026DF0072BFC1 /* LaunchScreen.storyboard in Resources */,
				964596121BF026DF0072BFC1 /* Assets.xcassets in Resources */,
				964596101BF026DF0072BFC1 /* Main.storyboard in Resources */,
			);
			runOnlyForDeploymentPostprocessing = 0;
		};
		964596191BF026E00072BFC1 /* Resources */ = {
			isa = PBXResourcesBuildPhase;
			buildActionMask = 2147483647;
			files = (
			);
			runOnlyForDeploymentPostprocessing = 0;
		};
		964596241BF026E00072BFC1 /* Resources */ = {
			isa = PBXResourcesBuildPhase;
			buildActionMask = 2147483647;
			files = (
			);
			runOnlyForDeploymentPostprocessing = 0;
		};
/* End PBXResourcesBuildPhase section */

/* Begin PBXSourcesBuildPhase section */
		964596031BF026DF0072BFC1 /* Sources */ = {
			isa = PBXSourcesBuildPhase;
			buildActionMask = 2147483647;
			files = (
				9645960D1BF026DF0072BFC1 /* ViewController.swift in Sources */,
				9645960B1BF026DF0072BFC1 /* AppDelegate.swift in Sources */,
			);
			runOnlyForDeploymentPostprocessing = 0;
		};
		964596171BF026E00072BFC1 /* Sources */ = {
			isa = PBXSourcesBuildPhase;
			buildActionMask = 2147483647;
			files = (
				964596201BF026E00072BFC1 /* TipCalculatorTests.swift in Sources */,
			);
			runOnlyForDeploymentPostprocessing = 0;
		};
		964596221BF026E00072BFC1 /* Sources */ = {
			isa = PBXSourcesBuildPhase;
			buildActionMask = 2147483647;
			files = (
				9645962B1BF026E00072BFC1 /* TipCalculatorUITests.swift in Sources */,
			);
			runOnlyForDeploymentPostprocessing = 0;
		};
/* End PBXSourcesBuildPhase section */

/* Begin PBXTargetDependency section */
		9645961D1BF026E00072BFC1 /* PBXTargetDependency */ = {
			isa = PBXTargetDependency;
			target = 964596061BF026DF0072BFC1 /* TipCalculator */;
			targetProxy = 9645961C1BF026E00072BFC1 /* PBXContainerItemProxy */;
		};
		964596281BF026E00072BFC1 /* PBXTargetDependency */ = {
			isa = PBXTargetDependency;
			target = 964596061BF026DF0072BFC1 /* TipCalculator */;
			targetProxy = 964596271BF026E00072BFC1 /* PBXContainerItemProxy */;
		};
/* End PBXTargetDependency section */

/* Begin PBXVariantGroup section */
		9645960E1BF026DF0072BFC1 /* Main.storyboard */ = {
			isa = PBXVariantGroup;
			children = (
				9645960F1BF026DF0072BFC1 /* Base */,
			);
			name = Main.storyboard;
			sourceTree = "<group>";
		};
		964596131BF026DF0072BFC1 /* LaunchScreen.storyboard */ = {
			isa = PBXVariantGroup;
			children = (
				964596141BF026DF0072BFC1 /* Base */,
			);
			name = LaunchScreen.storyboard;
			sourceTree = "<group>";
		};
/* End PBXVariantGroup section */

/* Begin XCBuildConfiguration section */
		9645962D1BF026E00072BFC1 /* Debug */ = {
			isa = XCBuildConfiguration;
			buildSettings = {
				ALWAYS_SEARCH_USER_PATHS = NO;
				CLANG_CXX_LANGUAGE_STANDARD = "gnu++0x";
				CLANG_CXX_LIBRARY = "libc++";
				CLANG_ENABLE_MODULES = YES;
				CLANG_ENABLE_OBJC_ARC = YES;
				CLANG_WARN_BOOL_CONVERSION = YES;
				CLANG_WARN_CONSTANT_CONVERSION = YES;
				CLANG_WARN_DIRECT_OBJC_ISA_USAGE = YES_ERROR;
				CLANG_WARN_EMPTY_BODY = YES;
				CLANG_WARN_ENUM_CONVERSION = YES;
				CLANG_WARN_INT_CONVERSION = YES;
				CLANG_WARN_OBJC_ROOT_CLASS = YES_ERROR;
				CLANG_WARN_UNREACHABLE_CODE = YES;
				CLANG_WARN__DUPLICATE_METHOD_MATCH = YES;
				"CODE_SIGN_IDENTITY[sdk=iphoneos*]" = "iPhone Developer";
				COPY_PHASE_STRIP = NO;
				DEBUG_INFORMATION_FORMAT = dwarf;
				ENABLE_STRICT_OBJC_MSGSEND = YES;
				ENABLE_TESTABILITY = YES;
				GCC_C_LANGUAGE_STANDARD = gnu99;
				GCC_DYNAMIC_NO_PIC = NO;
				GCC_NO_COMMON_BLOCKS = YES;
				GCC_OPTIMIZATION_LEVEL = 0;
				GCC_PREPROCESSOR_DEFINITIONS = (
					"DEBUG=1",
					"$(inherited)",
				);
				GCC_WARN_64_TO_32_BIT_CONVERSION = YES;
				GCC_WARN_ABOUT_RETURN_TYPE = YES_ERROR;
				GCC_WARN_UNDECLARED_SELECTOR = YES;
				GCC_WARN_UNINITIALIZED_AUTOS = YES_AGGRESSIVE;
				GCC_WARN_UNUSED_FUNCTION = YES;
				GCC_WARN_UNUSED_VARIABLE = YES;
				IPHONEOS_DEPLOYMENT_TARGET = 9.1;
				MTL_ENABLE_DEBUG_INFO = YES;
				ONLY_ACTIVE_ARCH = YES;
				SDKROOT = iphoneos;
				SWIFT_OPTIMIZATION_LEVEL = "-Onone";
			};
			name = Debug;
		};
		9645962E1BF026E00072BFC1 /* Release */ = {
			isa = XCBuildConfiguration;
			buildSettings = {
				ALWAYS_SEARCH_USER_PATHS = NO;
				CLANG_CXX_LANGUAGE_STANDARD = "gnu++0x";
				CLANG_CXX_LIBRARY = "libc++";
				CLANG_ENABLE_MODULES = YES;
				CLANG_ENABLE_OBJC_ARC = YES;
				CLANG_WARN_BOOL_CONVERSION = YES;
				CLANG_WARN_CONSTANT_CONVERSION = YES;
				CLANG_WARN_DIRECT_OBJC_ISA_USAGE = YES_ERROR;
				CLANG_WARN_EMPTY_BODY = YES;
				CLANG_WARN_ENUM_CONVERSION = YES;
				CLANG_WARN_INT_CONVERSION = YES;
				CLANG_WARN_OBJC_ROOT_CLASS = YES_ERROR;
				CLANG_WARN_UNREACHABLE_CODE = YES;
				CLANG_WARN__DUPLICATE_METHOD_MATCH = YES;
				"CODE_SIGN_IDENTITY[sdk=iphoneos*]" = "iPhone Developer";
				COPY_PHASE_STRIP = NO;
				DEBUG_INFORMATION_FORMAT = "dwarf-with-dsym";
				ENABLE_NS_ASSERTIONS = NO;
				ENABLE_STRICT_OBJC_MSGSEND = YES;
				GCC_C_LANGUAGE_STANDARD = gnu99;
				GCC_NO_COMMON_BLOCKS = YES;
				GCC_WARN_64_TO_32_BIT_CONVERSION = YES;
				GCC_WARN_ABOUT_RETURN_TYPE = YES_ERROR;
				GCC_WARN_UNDECLARED_SELECTOR = YES;
				GCC_WARN_UNINITIALIZED_AUTOS = YES_AGGRESSIVE;
				GCC_WARN_UNUSED_FUNCTION = YES;
				GCC_WARN_UNUSED_VARIABLE = YES;
				IPHONEOS_DEPLOYMENT_TARGET = 9.1;
				MTL_ENABLE_DEBUG_INFO = NO;
				SDKROOT = iphoneos;
				VALIDATE_PRODUCT = YES;
			};
			name = Release;
		};
		964596301BF026E00072BFC1 /* Debug */ = {
			isa = XCBuildConfiguration;
			buildSettings = {
				ASSETCATALOG_COMPILER_APPICON_NAME = AppIcon;
				INFOPLIST_FILE = TipCalculator/Info.plist;
				LD_RUNPATH_SEARCH_PATHS = "$(inherited) @executable_path/Frameworks";
				PRODUCT_BUNDLE_IDENTIFIER = NitroxDev.TipCalculator;
				PRODUCT_NAME = "$(TARGET_NAME)";
			};
			name = Debug;
		};
		964596311BF026E00072BFC1 /* Release */ = {
			isa = XCBuildConfiguration;
			buildSettings = {
				ASSETCATALOG_COMPILER_APPICON_NAME = AppIcon;
				INFOPLIST_FILE = TipCalculator/Info.plist;
				LD_RUNPATH_SEARCH_PATHS = "$(inherited) @executable_path/Frameworks";
				PRODUCT_BUNDLE_IDENTIFIER = NitroxDev.TipCalculator;
				PRODUCT_NAME = "$(TARGET_NAME)";
			};
			name = Release;
		};
		964596331BF026E00072BFC1 /* Debug */ = {
			isa = XCBuildConfiguration;
			buildSettings = {
				BUNDLE_LOADER = "$(TEST_HOST)";
				INFOPLIST_FILE = TipCalculatorTests/Info.plist;
				LD_RUNPATH_SEARCH_PATHS = "$(inherited) @executable_path/Frameworks @loader_path/Frameworks";
				PRODUCT_BUNDLE_IDENTIFIER = NitroxDev.TipCalculatorTests;
				PRODUCT_NAME = "$(TARGET_NAME)";
				TEST_HOST = "$(BUILT_PRODUCTS_DIR)/TipCalculator.app/TipCalculator";
			};
			name = Debug;
		};
		964596341BF026E00072BFC1 /* Release */ = {
			isa = XCBuildConfiguration;
			buildSettings = {
				BUNDLE_LOADER = "$(TEST_HOST)";
				INFOPLIST_FILE = TipCalculatorTests/Info.plist;
				LD_RUNPATH_SEARCH_PATHS = "$(inherited) @executable_path/Frameworks @loader_path/Frameworks";
				PRODUCT_BUNDLE_IDENTIFIER = NitroxDev.TipCalculatorTests;
				PRODUCT_NAME = "$(TARGET_NAME)";
				TEST_HOST = "$(BUILT_PRODUCTS_DIR)/TipCalculator.app/TipCalculator";
			};
			name = Release;
		};
		964596361BF026E00072BFC1 /* Debug */ = {
			isa = XCBuildConfiguration;
			buildSettings = {
				INFOPLIST_FILE = TipCalculatorUITests/Info.plist;
				LD_RUNPATH_SEARCH_PATHS = "$(inherited) @executable_path/Frameworks @loader_path/Frameworks";
				PRODUCT_BUNDLE_IDENTIFIER = NitroxDev.TipCalculatorUITests;
				PRODUCT_NAME = "$(TARGET_NAME)";
				TEST_TARGET_NAME = TipCalculator;
				USES_XCTRUNNER = YES;
			};
			name = Debug;
		};
		964596371BF026E00072BFC1 /* Release */ = {
			isa = XCBuildConfiguration;
			buildSettings = {
				INFOPLIST_FILE = TipCalculatorUITests/Info.plist;
				LD_RUNPATH_SEARCH_PATHS = "$(inherited) @executable_path/Frameworks @loader_path/Frameworks";
				PRODUCT_BUNDLE_IDENTIFIER = NitroxDev.TipCalculatorUITests;
				PRODUCT_NAME = "$(TARGET_NAME)";
				TEST_TARGET_NAME = TipCalculator;
				USES_XCTRUNNER = YES;
			};
			name = Release;
		};
/* End XCBuildConfiguration section */

/* Begin XCConfigurationList section */
		964596021BF026DF0072BFC1 /* Build configuration list for PBXProject "TipCalculator" */ = {
			isa = XCConfigurationList;
			buildConfigurations = (
				9645962D1BF026E00072BFC1 /* Debug */,
				9645962E1BF026E00072BFC1 /* Release */,
			);
			defaultConfigurationIsVisible = 0;
			defaultConfigurationName = Release;
		};
		9645962F1BF026E00072BFC1 /* Build configuration list for PBXNativeTarget "TipCalculator" */ = {
			isa = XCConfigurationList;
			buildConfigurations = (
				964596301BF026E00072BFC1 /* Debug */,
				964596311BF026E00072BFC1 /* Release */,
			);
			defaultConfigurationIsVisible = 0;
		};
		964596321BF026E00072BFC1 /* Build configuration list for PBXNativeTarget "TipCalculatorTests" */ = {
			isa = XCConfigurationList;
			buildConfigurations = (
				964596331BF026E00072BFC1 /* Debug */,
				964596341BF026E00072BFC1 /* Release */,
			);
			defaultConfigurationIsVisible = 0;
		};
		964596351BF026E00072BFC1 /* Build configuration list for PBXNativeTarget "TipCalculatorUITests" */ = {
			isa = XCConfigurationList;
			buildConfigurations = (
				964596361BF026E00072BFC1 /* Debug */,
				964596371BF026E00072BFC1 /* Release */,
			);
			defaultConfigurationIsVisible = 0;
		};
/* End XCConfigurationList section */
	};
	rootObject = 964595FF1BF026DF0072BFC1 /* Project object */;
}
